
Microsoft Visual Studio Solution File, Format Version 12.00
# Visual Studio 15
VisualStudioVersion = 15.0.28307.438
MinimumVisualStudioVersion = 10.0.40219.1
Project("{FAE04EC0-301F-11D3-BF4B-00C04F79EFBC}") = "Sameer.DesignsAlternatives", "Sameer.DesignsAlternatives\Sameer.DesignsAlternatives.csproj", "{BC32A2D1-E1FC-4623-8065-14222770D7F4}"
EndProject
Global
	GlobalSection(SolutionConfigurationPlatforms) = preSolution
		Debug|Any CPU = Debug|Any CPU
		Release|Any CPU = Release|Any CPU
	EndGlobalSection
	GlobalSection(ProjectConfigurationPlatforms) = postSolution
		{BC32A2D1-E1FC-4623-8065-14222770D7F4}.Debug|Any CPU.ActiveCfg = Debug|Any CPU
		{BC32A2D1-E1FC-4623-8065-14222770D7F4}.Debug|Any CPU.Build.0 = Debug|Any CPU
		{BC32A2D1-E1FC-4623-8065-14222770D7F4}.Release|Any CPU.ActiveCfg = Release|Any CPU
		{BC32A2D1-E1FC-4623-8065-14222770D7F4}.Release|Any CPU.Build.0 = Release|Any CPU
	EndGlobalSection
	GlobalSection(SolutionProperties) = preSolution
		HideSolutionNode = FALSE
	EndGlobalSection
	GlobalSection(ExtensibilityGlobals) = postSolution
		SolutionGuid = {051F3BEB-B28D-4288-87F8-4321EA73DEC4}
	EndGlobalSection
EndGlobal
